
Microsoft Visual Studio Solution File, Format Version 10.00
# Visual Studio 2008
Project("{FAE04EC0-301F-11D3-BF4B-00C04F79EFBC}") = "HTTP", "HTTP\HTTP.csproj", "{8E94F9A4-3E1E-42F4-86E8-58270D44A4D8}"
EndProject
Global
	GlobalSection(SolutionConfigurationPlatforms) = preSolution
		Debug|Any CPU = Debug|Any CPU
		Release|Any CPU = Release|Any CPU
	EndGlobalSection
	GlobalSection(ProjectConfigurationPlatforms) = postSolution
		{8E94F9A4-3E1E-42F4-86E8-58270D44A4D8}.Debug|Any CPU.ActiveCfg = Debug|Any CPU
		{8E94F9A4-3E1E-42F4-86E8-58270D44A4D8}.Debug|Any CPU.Build.0 = Debug|Any CPU
		{8E94F9A4-3E1E-42F4-86E8-58270D44A4D8}.Release|Any CPU.ActiveCfg = Release|Any CPU
		{8E94F9A4-3E1E-42F4-86E8-58270D44A4D8}.Release|Any CPU.Build.0 = Release|Any CPU
	EndGlobalSection
	GlobalSection(MonoDevelopProperties) = preSolution
		StartupItem = HTTP\HTTP.csproj
		Policies = $0
		$0.DotNetNamingPolicy = $1
		$1.DirectoryNamespaceAssociation = None
		$1.ResourceNamePolicy = FileFormatDefault
		$0.VersionControlPolicy = $2
		$2.inheritsSet = Mono
		$0.ChangeLogPolicy = $3
		$3.UpdateMode = None
		$3.MessageStyle = $4
		$4.LineAlign = 0
		$3.inheritsSet = Mono
		version = 0.2
	EndGlobalSection
EndGlobal
